
Microsoft Visual Studio Solution File, Format Version 12.00
# Visual Studio Version 16
VisualStudioVersion = 16.0.28803.352
MinimumVisualStudioVersion = 10.0.40219.1
Project("{9A19103F-16F7-4668-BE54-9A1E7A4F7556}") = "NextGenSoftware.OASIS.API.WebAPI", "NextGenSoftware.OASIS.API.WebAPI\NextGenSoftware.OASIS.API.WebAPI.csproj", "{A8131B22-06EC-424A-B689-9411C8176BE8}"
EndProject
Project("{9A19103F-16F7-4668-BE54-9A1E7A4F7556}") = "NextGenSoftware.OASIS.API.FrontEnd", "NextGenSoftware.OASIS.API.FrontEnd\NextGenSoftware.OASIS.API.FrontEnd.csproj", "{C50D7EA1-3B3C-4529-9317-55A5083DB560}"
EndProject
Project("{9A19103F-16F7-4668-BE54-9A1E7A4F7556}") = "NextGenSoftware.OASIS.API.Core", "NextGenSoftware.OASIS.API.Core\NextGenSoftware.OASIS.API.Core.csproj", "{9AA01072-4D3A-4EA2-80C6-CCEC2AB41BEE}"
EndProject
Project("{9A19103F-16F7-4668-BE54-9A1E7A4F7556}") = "NextGenSoftware.Holochain.HoloNET.Client.TestHarness", "NextGenSoftware.Holochain.HoloNET.Client.TestHarness\NextGenSoftware.Holochain.HoloNET.Client.TestHarness.csproj", "{0A1292C1-C5AE-4BB6-8274-97F97BECEF9C}"
EndProject
Project("{9A19103F-16F7-4668-BE54-9A1E7A4F7556}") = "NextGenSoftware.Holochain.HoloNET.Client.Desktop", "NextGenSoftware.Holochain.HoloNET.Client.Desktop\NextGenSoftware.Holochain.HoloNET.Client.Desktop.csproj", "{73842E72-8EFB-468E-A6C6-AA27FC49F322}"
EndProject
Project("{9A19103F-16F7-4668-BE54-9A1E7A4F7556}") = "NextGenSoftware.Holochain.HoloNET.Client.Core", "NextGenSoftware.Holochain.HoloNET.Client.Core\NextGenSoftware.Holochain.HoloNET.Client.Core.csproj", "{36FC0C22-03F6-4604-BD9F-9ECAF73ECBDD}"
EndProject
Project("{2150E333-8FDC-42A3-9474-1A3956D46DE8}") = "NextGenSoftware.Holochain.hApp.OurWorld.External.Partial", "NextGenSoftware.Holochain.hApp.OurWorld.External.Partial", "{B1CB8DBD-3775-40B9-A5AF-88E71EAC6BC1}"
EndProject
Project("{2150E333-8FDC-42A3-9474-1A3956D46DE8}") = "our_world", "our_world", "{22D7D26A-D922-497A-9337-2B127D2B80FF}"
	ProjectSection(SolutionItems) = preProject
		NextGenSoftware.Holochain.hApp.OurWorld\our_world\.gitignore = NextGenSoftware.Holochain.hApp.OurWorld\our_world\.gitignore
		NextGenSoftware.Holochain.hApp.OurWorld\our_world\.hcignore = NextGenSoftware.Holochain.hApp.OurWorld\our_world\.hcignore
		NextGenSoftware.Holochain.hApp.OurWorld\our_world\app.json = NextGenSoftware.Holochain.hApp.OurWorld\our_world\app.json
		NextGenSoftware.Holochain.hApp.OurWorld\our_world\package-lock.json = NextGenSoftware.Holochain.hApp.OurWorld\our_world\package-lock.json
	EndProjectSection
EndProject
Project("{2150E333-8FDC-42A3-9474-1A3956D46DE8}") = "dist", "dist", "{04784FF0-39A8-4471-BDB9-2934F8BD84D3}"
EndProject
Project("{2150E333-8FDC-42A3-9474-1A3956D46DE8}") = "test", "test", "{1BEA11CA-B162-463A-A74B-E7B18FD104B8}"
	ProjectSection(SolutionItems) = preProject
		NextGenSoftware.Holochain.hApp.OurWorld\our_world\test\index.js = NextGenSoftware.Holochain.hApp.OurWorld\our_world\test\index.js
		NextGenSoftware.Holochain.hApp.OurWorld\our_world\test\package-lock.json = NextGenSoftware.Holochain.hApp.OurWorld\our_world\test\package-lock.json
		NextGenSoftware.Holochain.hApp.OurWorld\our_world\test\package.json = NextGenSoftware.Holochain.hApp.OurWorld\our_world\test\package.json
	EndProjectSection
EndProject
Project("{2150E333-8FDC-42A3-9474-1A3956D46DE8}") = "zomes", "zomes", "{E3510ACC-D1BE-47D5-B02A-F4E47C1611DA}"
EndProject
Project("{2150E333-8FDC-42A3-9474-1A3956D46DE8}") = "our_world_core", "our_world_core", "{A3040225-7ED0-431A-BAB1-2AF153EB8F45}"
	ProjectSection(SolutionItems) = preProject
		NextGenSoftware.Holochain.hApp.OurWorld\our_world\zomes\our_world_core\zome.json = NextGenSoftware.Holochain.hApp.OurWorld\our_world\zomes\our_world_core\zome.json
	EndProjectSection
EndProject
Project("{2150E333-8FDC-42A3-9474-1A3956D46DE8}") = "code", "code", "{556BCE07-1BF4-4D8E-8CA1-6653380AE73A}"
	ProjectSection(SolutionItems) = preProject
		NextGenSoftware.Holochain.hApp.OurWorld\our_world\zomes\our_world_core\code\.hcbuild = NextGenSoftware.Holochain.hApp.OurWorld\our_world\zomes\our_world_core\code\.hcbuild
		NextGenSoftware.Holochain.hApp.OurWorld\our_world\zomes\our_world_core\code\Cargo.lock = NextGenSoftware.Holochain.hApp.OurWorld\our_world\zomes\our_world_core\code\Cargo.lock
		NextGenSoftware.Holochain.hApp.OurWorld\our_world\zomes\our_world_core\code\Cargo.toml = NextGenSoftware.Holochain.hApp.OurWorld\our_world\zomes\our_world_core\code\Cargo.toml
	EndProjectSection
EndProject
Project("{2150E333-8FDC-42A3-9474-1A3956D46DE8}") = "src", "src", "{47E8C093-954C-442E-BAD0-4367061CCA04}"
	ProjectSection(SolutionItems) = preProject
		NextGenSoftware.Holochain.hApp.OurWorld\our_world\zomes\our_world_core\code\src\lib.rs = NextGenSoftware.Holochain.hApp.OurWorld\our_world\zomes\our_world_core\code\src\lib.rs
	EndProjectSection
EndProject
Project("{2150E333-8FDC-42A3-9474-1A3956D46DE8}") = "target", "target", "{5ADDA805-8196-4CB7-BA1C-7CD4BBEAF90B}"
EndProject
Project("{9A19103F-16F7-4668-BE54-9A1E7A4F7556}") = "NextGenSoftware.Holochain.hApp.OurWorld", "NextGenSoftware.Holochain.hApp.OurWorld\NextGenSoftware.Holochain.hApp.OurWorld.csproj", "{DFB7DC31-2226-41EE-B3D5-1887AB2C762C}"
EndProject
Project("{9A19103F-16F7-4668-BE54-9A1E7A4F7556}") = "NextGenSoftware.OASIS.API.Core.ARC.Membrane", "NextGenSoftware.OASIS.ARC.Core\NextGenSoftware.OASIS.API.Core.ARC.Membrane.csproj", "{9D9BDA23-834E-4C70-8D0A-E6355677B135}"
EndProject
Project("{9092AA53-FB77-4645-B42D-1CCCA6BD08BD}") = "NextGenSoftware.OASIS.API.Core.ARC.Membrane.NodeJS", "NextGenSoftware.OASIS.ARC.Core.NodeJS\NextGenSoftware.OASIS.API.Core.ARC.Membrane.NodeJS.njsproj", "{F2125D70-99DD-4C16-BDB8-C09E26513811}"
EndProject
Project("{9A19103F-16F7-4668-BE54-9A1E7A4F7556}") = "NextGenSoftware.Holochain.HoloNET.Client.Unity", "NextGenSoftware.Holochain.HoloNET.Client.Unity\NextGenSoftware.Holochain.HoloNET.Client.Unity.csproj", "{9FC5C90E-F741-40F3-BCF3-837ECA5201B0}"
EndProject
Project("{9A19103F-16F7-4668-BE54-9A1E7A4F7556}") = "NextGenSoftware.OASIS.API.Providers.HoloOASIS.Core", "NextGenSoftware.OASIS.API.Providers.HoloOASIS\NextGenSoftware.OASIS.API.Providers.HoloOASIS.Core.csproj", "{92B2E1A7-A6F7-4310-B9CD-74F57791D1B9}"
EndProject
Project("{9A19103F-16F7-4668-BE54-9A1E7A4F7556}") = "NextGenSoftware.OASIS.API.Providers.HoloOASIS.TestHarness", "NextGenSoftware.OASIS.API.Providers.HoloOASIS.TestHarness\NextGenSoftware.OASIS.API.Providers.HoloOASIS.TestHarness.csproj", "{703F8880-7815-4B49-B0A0-4EBF923AB0FC}"
EndProject
Project("{9A19103F-16F7-4668-BE54-9A1E7A4F7556}") = "NextGenSoftware.OASIS.API.FrontEnd.Unity", "NextGenSoftware.OASIS.API.FrontEnd.Unity\NextGenSoftware.OASIS.API.FrontEnd.Unity.csproj", "{3AA65896-B6DC-440B-B07E-19DAA644B4E0}"
EndProject
Project("{9A19103F-16F7-4668-BE54-9A1E7A4F7556}") = "NextGenSoftware.OASIS.API.Providers.HoloOASIS.Desktop", "NextGenSoftware.OASIS.API.Providers.HoloOASIS.Desktop\NextGenSoftware.OASIS.API.Providers.HoloOASIS.Desktop.csproj", "{32CA9D8A-FD85-40CF-93E7-8B5C1AB01C2B}"
EndProject
Project("{FAE04EC0-301F-11D3-BF4B-00C04F79EFBC}") = "NextGenSoftware.OASIS.API.Providers.HoloOASIS.Unity", "NextGenSoftware.OASIS.API.Providers.HoloOASIS.Unity\NextGenSoftware.OASIS.API.Providers.HoloOASIS.Unity.csproj", "{2C7B6BD3-F808-48D7-B311-0CF3531FF812}"
EndProject
Project("{FAE04EC0-301F-11D3-BF4B-00C04F79EFBC}") = "NextGenSoftware.OASIS.API.Core.TestHarness", "NextGenSoftware.OASIS.API.Core.TestHarness\NextGenSoftware.OASIS.API.Core.TestHarness.csproj", "{3CFB81E4-97D2-43E8-8F17-C4CA11E97772}"
EndProject
Global
	GlobalSection(SolutionConfigurationPlatforms) = preSolution
		Debug|Any CPU = Debug|Any CPU
		Linux|Any CPU = Linux|Any CPU
		Release|Any CPU = Release|Any CPU
	EndGlobalSection
	GlobalSection(ProjectConfigurationPlatforms) = postSolution
		{A8131B22-06EC-424A-B689-9411C8176BE8}.Debug|Any CPU.ActiveCfg = Debug|Any CPU
		{A8131B22-06EC-424A-B689-9411C8176BE8}.Debug|Any CPU.Build.0 = Debug|Any CPU
		{A8131B22-06EC-424A-B689-9411C8176BE8}.Linux|Any CPU.ActiveCfg = Release|Any CPU
		{A8131B22-06EC-424A-B689-9411C8176BE8}.Linux|Any CPU.Build.0 = Release|Any CPU
		{A8131B22-06EC-424A-B689-9411C8176BE8}.Release|Any CPU.ActiveCfg = Release|Any CPU
		{A8131B22-06EC-424A-B689-9411C8176BE8}.Release|Any CPU.Build.0 = Release|Any CPU
		{C50D7EA1-3B3C-4529-9317-55A5083DB560}.Debug|Any CPU.ActiveCfg = Debug|Any CPU
		{C50D7EA1-3B3C-4529-9317-55A5083DB560}.Debug|Any CPU.Build.0 = Debug|Any CPU
		{C50D7EA1-3B3C-4529-9317-55A5083DB560}.Linux|Any CPU.ActiveCfg = Release|Any CPU
		{C50D7EA1-3B3C-4529-9317-55A5083DB560}.Linux|Any CPU.Build.0 = Release|Any CPU
		{C50D7EA1-3B3C-4529-9317-55A5083DB560}.Release|Any CPU.ActiveCfg = Release|Any CPU
		{C50D7EA1-3B3C-4529-9317-55A5083DB560}.Release|Any CPU.Build.0 = Release|Any CPU
		{9AA01072-4D3A-4EA2-80C6-CCEC2AB41BEE}.Debug|Any CPU.ActiveCfg = Debug|Any CPU
		{9AA01072-4D3A-4EA2-80C6-CCEC2AB41BEE}.Debug|Any CPU.Build.0 = Debug|Any CPU
		{9AA01072-4D3A-4EA2-80C6-CCEC2AB41BEE}.Linux|Any CPU.ActiveCfg = Release|Any CPU
		{9AA01072-4D3A-4EA2-80C6-CCEC2AB41BEE}.Linux|Any CPU.Build.0 = Release|Any CPU
		{9AA01072-4D3A-4EA2-80C6-CCEC2AB41BEE}.Release|Any CPU.ActiveCfg = Release|Any CPU
		{9AA01072-4D3A-4EA2-80C6-CCEC2AB41BEE}.Release|Any CPU.Build.0 = Release|Any CPU
		{0A1292C1-C5AE-4BB6-8274-97F97BECEF9C}.Debug|Any CPU.ActiveCfg = Debug|Any CPU
		{0A1292C1-C5AE-4BB6-8274-97F97BECEF9C}.Debug|Any CPU.Build.0 = Debug|Any CPU
		{0A1292C1-C5AE-4BB6-8274-97F97BECEF9C}.Linux|Any CPU.ActiveCfg = Debug|Any CPU
		{0A1292C1-C5AE-4BB6-8274-97F97BECEF9C}.Linux|Any CPU.Build.0 = Debug|Any CPU
		{0A1292C1-C5AE-4BB6-8274-97F97BECEF9C}.Release|Any CPU.ActiveCfg = Release|Any CPU
		{0A1292C1-C5AE-4BB6-8274-97F97BECEF9C}.Release|Any CPU.Build.0 = Release|Any CPU
		{73842E72-8EFB-468E-A6C6-AA27FC49F322}.Debug|Any CPU.ActiveCfg = Debug|Any CPU
		{73842E72-8EFB-468E-A6C6-AA27FC49F322}.Debug|Any CPU.Build.0 = Debug|Any CPU
		{73842E72-8EFB-468E-A6C6-AA27FC49F322}.Linux|Any CPU.ActiveCfg = Debug|Any CPU
		{73842E72-8EFB-468E-A6C6-AA27FC49F322}.Linux|Any CPU.Build.0 = Debug|Any CPU
		{73842E72-8EFB-468E-A6C6-AA27FC49F322}.Release|Any CPU.ActiveCfg = Release|Any CPU
		{73842E72-8EFB-468E-A6C6-AA27FC49F322}.Release|Any CPU.Build.0 = Release|Any CPU
		{36FC0C22-03F6-4604-BD9F-9ECAF73ECBDD}.Debug|Any CPU.ActiveCfg = Debug|Any CPU
		{36FC0C22-03F6-4604-BD9F-9ECAF73ECBDD}.Debug|Any CPU.Build.0 = Debug|Any CPU
		{36FC0C22-03F6-4604-BD9F-9ECAF73ECBDD}.Linux|Any CPU.ActiveCfg = Debug|Any CPU
		{36FC0C22-03F6-4604-BD9F-9ECAF73ECBDD}.Linux|Any CPU.Build.0 = Debug|Any CPU
		{36FC0C22-03F6-4604-BD9F-9ECAF73ECBDD}.Release|Any CPU.ActiveCfg = Release|Any CPU
		{36FC0C22-03F6-4604-BD9F-9ECAF73ECBDD}.Release|Any CPU.Build.0 = Release|Any CPU
		{DFB7DC31-2226-41EE-B3D5-1887AB2C762C}.Debug|Any CPU.ActiveCfg = Debug|Any CPU
		{DFB7DC31-2226-41EE-B3D5-1887AB2C762C}.Debug|Any CPU.Build.0 = Debug|Any CPU
		{DFB7DC31-2226-41EE-B3D5-1887AB2C762C}.Linux|Any CPU.ActiveCfg = Debug|Any CPU
		{DFB7DC31-2226-41EE-B3D5-1887AB2C762C}.Linux|Any CPU.Build.0 = Debug|Any CPU
		{DFB7DC31-2226-41EE-B3D5-1887AB2C762C}.Release|Any CPU.ActiveCfg = Release|Any CPU
		{DFB7DC31-2226-41EE-B3D5-1887AB2C762C}.Release|Any CPU.Build.0 = Release|Any CPU
		{9D9BDA23-834E-4C70-8D0A-E6355677B135}.Debug|Any CPU.ActiveCfg = Debug|Any CPU
		{9D9BDA23-834E-4C70-8D0A-E6355677B135}.Debug|Any CPU.Build.0 = Debug|Any CPU
		{9D9BDA23-834E-4C70-8D0A-E6355677B135}.Linux|Any CPU.ActiveCfg = Debug|Any CPU
		{9D9BDA23-834E-4C70-8D0A-E6355677B135}.Linux|Any CPU.Build.0 = Debug|Any CPU
		{9D9BDA23-834E-4C70-8D0A-E6355677B135}.Release|Any CPU.ActiveCfg = Release|Any CPU
		{9D9BDA23-834E-4C70-8D0A-E6355677B135}.Release|Any CPU.Build.0 = Release|Any CPU
		{F2125D70-99DD-4C16-BDB8-C09E26513811}.Debug|Any CPU.ActiveCfg = Debug|Any CPU
		{F2125D70-99DD-4C16-BDB8-C09E26513811}.Debug|Any CPU.Build.0 = Debug|Any CPU
		{F2125D70-99DD-4C16-BDB8-C09E26513811}.Linux|Any CPU.ActiveCfg = Release|Any CPU
		{F2125D70-99DD-4C16-BDB8-C09E26513811}.Linux|Any CPU.Build.0 = Release|Any CPU
		{F2125D70-99DD-4C16-BDB8-C09E26513811}.Release|Any CPU.ActiveCfg = Release|Any CPU
		{F2125D70-99DD-4C16-BDB8-C09E26513811}.Release|Any CPU.Build.0 = Release|Any CPU
		{9FC5C90E-F741-40F3-BCF3-837ECA5201B0}.Debug|Any CPU.ActiveCfg = Debug|Any CPU
		{9FC5C90E-F741-40F3-BCF3-837ECA5201B0}.Debug|Any CPU.Build.0 = Debug|Any CPU
		{9FC5C90E-F741-40F3-BCF3-837ECA5201B0}.Linux|Any CPU.ActiveCfg = Debug|Any CPU
		{9FC5C90E-F741-40F3-BCF3-837ECA5201B0}.Linux|Any CPU.Build.0 = Debug|Any CPU
		{9FC5C90E-F741-40F3-BCF3-837ECA5201B0}.Release|Any CPU.ActiveCfg = Release|Any CPU
		{9FC5C90E-F741-40F3-BCF3-837ECA5201B0}.Release|Any CPU.Build.0 = Release|Any CPU
		{92B2E1A7-A6F7-4310-B9CD-74F57791D1B9}.Debug|Any CPU.ActiveCfg = Debug|Any CPU
		{92B2E1A7-A6F7-4310-B9CD-74F57791D1B9}.Debug|Any CPU.Build.0 = Debug|Any CPU
		{92B2E1A7-A6F7-4310-B9CD-74F57791D1B9}.Linux|Any CPU.ActiveCfg = Debug|Any CPU
		{92B2E1A7-A6F7-4310-B9CD-74F57791D1B9}.Linux|Any CPU.Build.0 = Debug|Any CPU
		{92B2E1A7-A6F7-4310-B9CD-74F57791D1B9}.Release|Any CPU.ActiveCfg = Release|Any CPU
		{92B2E1A7-A6F7-4310-B9CD-74F57791D1B9}.Release|Any CPU.Build.0 = Release|Any CPU
		{703F8880-7815-4B49-B0A0-4EBF923AB0FC}.Debug|Any CPU.ActiveCfg = Debug|Any CPU
		{703F8880-7815-4B49-B0A0-4EBF923AB0FC}.Debug|Any CPU.Build.0 = Debug|Any CPU
		{703F8880-7815-4B49-B0A0-4EBF923AB0FC}.Linux|Any CPU.ActiveCfg = Debug|Any CPU
		{703F8880-7815-4B49-B0A0-4EBF923AB0FC}.Linux|Any CPU.Build.0 = Debug|Any CPU
		{703F8880-7815-4B49-B0A0-4EBF923AB0FC}.Release|Any CPU.ActiveCfg = Release|Any CPU
		{703F8880-7815-4B49-B0A0-4EBF923AB0FC}.Release|Any CPU.Build.0 = Release|Any CPU
		{3AA65896-B6DC-440B-B07E-19DAA644B4E0}.Debug|Any CPU.ActiveCfg = Debug|Any CPU
		{3AA65896-B6DC-440B-B07E-19DAA644B4E0}.Debug|Any CPU.Build.0 = Debug|Any CPU
		{3AA65896-B6DC-440B-B07E-19DAA644B4E0}.Linux|Any CPU.ActiveCfg = Debug|Any CPU
		{3AA65896-B6DC-440B-B07E-19DAA644B4E0}.Linux|Any CPU.Build.0 = Debug|Any CPU
		{3AA65896-B6DC-440B-B07E-19DAA644B4E0}.Release|Any CPU.ActiveCfg = Release|Any CPU
		{3AA65896-B6DC-440B-B07E-19DAA644B4E0}.Release|Any CPU.Build.0 = Release|Any CPU
		{32CA9D8A-FD85-40CF-93E7-8B5C1AB01C2B}.Debug|Any CPU.ActiveCfg = Debug|Any CPU
		{32CA9D8A-FD85-40CF-93E7-8B5C1AB01C2B}.Debug|Any CPU.Build.0 = Debug|Any CPU
		{32CA9D8A-FD85-40CF-93E7-8B5C1AB01C2B}.Linux|Any CPU.ActiveCfg = Debug|Any CPU
		{32CA9D8A-FD85-40CF-93E7-8B5C1AB01C2B}.Linux|Any CPU.Build.0 = Debug|Any CPU
		{32CA9D8A-FD85-40CF-93E7-8B5C1AB01C2B}.Release|Any CPU.ActiveCfg = Release|Any CPU
		{32CA9D8A-FD85-40CF-93E7-8B5C1AB01C2B}.Release|Any CPU.Build.0 = Release|Any CPU
		{2C7B6BD3-F808-48D7-B311-0CF3531FF812}.Debug|Any CPU.ActiveCfg = Debug|Any CPU
		{2C7B6BD3-F808-48D7-B311-0CF3531FF812}.Debug|Any CPU.Build.0 = Debug|Any CPU
		{2C7B6BD3-F808-48D7-B311-0CF3531FF812}.Linux|Any CPU.ActiveCfg = Debug|Any CPU
		{2C7B6BD3-F808-48D7-B311-0CF3531FF812}.Linux|Any CPU.Build.0 = Debug|Any CPU
		{2C7B6BD3-F808-48D7-B311-0CF3531FF812}.Release|Any CPU.ActiveCfg = Release|Any CPU
		{2C7B6BD3-F808-48D7-B311-0CF3531FF812}.Release|Any CPU.Build.0 = Release|Any CPU
		{3CFB81E4-97D2-43E8-8F17-C4CA11E97772}.Debug|Any CPU.ActiveCfg = Debug|Any CPU
		{3CFB81E4-97D2-43E8-8F17-C4CA11E97772}.Debug|Any CPU.Build.0 = Debug|Any CPU
		{3CFB81E4-97D2-43E8-8F17-C4CA11E97772}.Linux|Any CPU.ActiveCfg = Debug|Any CPU
		{3CFB81E4-97D2-43E8-8F17-C4CA11E97772}.Linux|Any CPU.Build.0 = Debug|Any CPU
		{3CFB81E4-97D2-43E8-8F17-C4CA11E97772}.Release|Any CPU.ActiveCfg = Release|Any CPU
		{3CFB81E4-97D2-43E8-8F17-C4CA11E97772}.Release|Any CPU.Build.0 = Release|Any CPU
	EndGlobalSection
	GlobalSection(SolutionProperties) = preSolution
		HideSolutionNode = FALSE
	EndGlobalSection
	GlobalSection(NestedProjects) = preSolution
		{22D7D26A-D922-497A-9337-2B127D2B80FF} = {B1CB8DBD-3775-40B9-A5AF-88E71EAC6BC1}
		{04784FF0-39A8-4471-BDB9-2934F8BD84D3} = {22D7D26A-D922-497A-9337-2B127D2B80FF}
		{1BEA11CA-B162-463A-A74B-E7B18FD104B8} = {22D7D26A-D922-497A-9337-2B127D2B80FF}
		{E3510ACC-D1BE-47D5-B02A-F4E47C1611DA} = {22D7D26A-D922-497A-9337-2B127D2B80FF}
		{A3040225-7ED0-431A-BAB1-2AF153EB8F45} = {E3510ACC-D1BE-47D5-B02A-F4E47C1611DA}
		{556BCE07-1BF4-4D8E-8CA1-6653380AE73A} = {A3040225-7ED0-431A-BAB1-2AF153EB8F45}
		{47E8C093-954C-442E-BAD0-4367061CCA04} = {556BCE07-1BF4-4D8E-8CA1-6653380AE73A}
		{5ADDA805-8196-4CB7-BA1C-7CD4BBEAF90B} = {556BCE07-1BF4-4D8E-8CA1-6653380AE73A}
	EndGlobalSection
	GlobalSection(ExtensibilityGlobals) = postSolution
		SolutionGuid = {5D3FB15A-71BF-4A92-B497-C6A29E6A486C}
	EndGlobalSection
EndGlobal
