
Microsoft Visual Studio Solution File, Format Version 12.00
# Visual Studio 15
Project("{FAE04EC0-301F-11D3-BF4B-00C04F79EFBC}") = "JsonRpc20.Client", "JsonRpc20.Client.csproj", "{675FF968-9182-4AEC-830A-12234CAE8B4D}"
EndProject
Global
	GlobalSection(SolutionConfigurationPlatforms) = preSolution
		Debug|Any CPU = Debug|Any CPU
		Release|Any CPU = Release|Any CPU
	EndGlobalSection
	GlobalSection(ProjectConfigurationPlatforms) = postSolution
		{675FF968-9182-4AEC-830A-12234CAE8B4D}.Debug|Any CPU.ActiveCfg = Debug|Any CPU
		{675FF968-9182-4AEC-830A-12234CAE8B4D}.Debug|Any CPU.Build.0 = Debug|Any CPU
		{675FF968-9182-4AEC-830A-12234CAE8B4D}.Release|Any CPU.ActiveCfg = Release|Any CPU
		{675FF968-9182-4AEC-830A-12234CAE8B4D}.Release|Any CPU.Build.0 = Release|Any CPU
	EndGlobalSection
EndGlobal
